
Microsoft Visual Studio Solution File, Format Version 11.00
# Visual C++ Express 2010
Project("{8BC9CEB8-8B4A-11D0-8D11-00A0C91BC942}") = "鸡兔同笼简化", "鸡兔同笼简化\鸡兔同笼简化.vcxproj", "{E0876CF0-4788-4AB0-A47F-6091B3ECB72E}"
EndProject
Global
	GlobalSection(SolutionConfigurationPlatforms) = preSolution
		Debug|Win32 = Debug|Win32
		Release|Win32 = Release|Win32
	EndGlobalSection
	GlobalSection(ProjectConfigurationPlatforms) = postSolution
		{E0876CF0-4788-4AB0-A47F-6091B3ECB72E}.Debug|Win32.ActiveCfg = Debug|Win32
		{E0876CF0-4788-4AB0-A47F-6091B3ECB72E}.Debug|Win32.Build.0 = Debug|Win32
		{E0876CF0-4788-4AB0-A47F-6091B3ECB72E}.Release|Win32.ActiveCfg = Release|Win32
		{E0876CF0-4788-4AB0-A47F-6091B3ECB72E}.Release|Win32.Build.0 = Release|Win32
	EndGlobalSection
	GlobalSection(SolutionProperties) = preSolution
		HideSolutionNode = FALSE
	EndGlobalSection
EndGlobal
