
Microsoft Visual Studio Solution File, Format Version 11.00
# Visual C++ Express 2010
Project("{8BC9CEB8-8B4A-11D0-8D11-00A0C91BC942}") = "do while 求1~100之和", "do while 求1~100之和\do while 求1~100之和.vcxproj", "{177AA735-5ED8-449C-9887-25DD9ED93209}"
EndProject
Global
	GlobalSection(SolutionConfigurationPlatforms) = preSolution
		Debug|Win32 = Debug|Win32
		Release|Win32 = Release|Win32
	EndGlobalSection
	GlobalSection(ProjectConfigurationPlatforms) = postSolution
		{177AA735-5ED8-449C-9887-25DD9ED93209}.Debug|Win32.ActiveCfg = Debug|Win32
		{177AA735-5ED8-449C-9887-25DD9ED93209}.Debug|Win32.Build.0 = Debug|Win32
		{177AA735-5ED8-449C-9887-25DD9ED93209}.Release|Win32.ActiveCfg = Release|Win32
		{177AA735-5ED8-449C-9887-25DD9ED93209}.Release|Win32.Build.0 = Release|Win32
	EndGlobalSection
	GlobalSection(SolutionProperties) = preSolution
		HideSolutionNode = FALSE
	EndGlobalSection
EndGlobal
